
Microsoft Visual Studio Solution File, Format Version 12.00
# Visual Studio Version 17
VisualStudioVersion = 17.11.35327.3
MinimumVisualStudioVersion = 10.0.40219.1
Project("{FAE04EC0-301F-11D3-BF4B-00C04F79EFBC}") = "SportEdge.API", "SportEdge.API.csproj", "{BF373AC2-A992-4F68-8AA4-5BD84BA6673E}"
EndProject
Global
	GlobalSection(SolutionConfigurationPlatforms) = preSolution
		Debug|Any CPU = Debug|Any CPU
		Release|Any CPU = Release|Any CPU
	EndGlobalSection
	GlobalSection(ProjectConfigurationPlatforms) = postSolution
		{BF373AC2-A992-4F68-8AA4-5BD84BA6673E}.Debug|Any CPU.ActiveCfg = Debug|Any CPU
		{BF373AC2-A992-4F68-8AA4-5BD84BA6673E}.Debug|Any CPU.Build.0 = Debug|Any CPU
		{BF373AC2-A992-4F68-8AA4-5BD84BA6673E}.Release|Any CPU.ActiveCfg = Release|Any CPU
		{BF373AC2-A992-4F68-8AA4-5BD84BA6673E}.Release|Any CPU.Build.0 = Release|Any CPU
	EndGlobalSection
	GlobalSection(SolutionProperties) = preSolution
		HideSolutionNode = FALSE
	EndGlobalSection
	GlobalSection(ExtensibilityGlobals) = postSolution
		SolutionGuid = {B6006487-29CE-4A33-9F12-F93FD7D4CB69}
	EndGlobalSection
EndGlobal
